<?xml version="1.0" encoding="utf-8"?>
<Project ToolsVersion="4.0" xmlns="http://schemas.microsoft.com/developer/msbuild/2003">
  <ItemGroup>
    <Filter Include="Source Files">
      <UniqueIdentifier>{4FC737F1-C7A5-4376-A066-2A32D752A2FF}</UniqueIdentifier>
      <Extensions>cpp;c;cc;cxx;def;odl;idl;hpj;bat;asm;asmx</Extensions>
    </Filter>
    <Filter Include="Header Files">
      <UniqueIdentifier>{93995380-89BD-4b04-88EB-625FBE52EBFB}</UniqueIdentifier>
      <Extensions>h;hpp;hxx;hm;inl;inc;xsd</Extensions>
    </Filter>
    <Filter Include="Resource Files">
      <UniqueIdentifier>{67DA6AB6-F800-4c08-8B7A-83BB121AAD01}</UniqueIdentifier>
      <Extensions>rc;ico;cur;bmp;dlg;rc2;rct;bin;rgs;gif;jpg;jpeg;jpe;resx;tiff;tif;png;wav;mfcribbon-ms</Extensions>
    </Filter>
  </ItemGroup>
  <ItemGroup>
    <ClInclude Include="OBOtoOWL.h">
      <Filter>Header Files</Filter>
    </ClInclude>
    <ClInclude Include="baseTemplate.h">
      <Filter>Header Files</Filter>
    </ClInclude>
    <ClInclude Include="fullSyn.h">
      <Filter>Header Files</Filter>
    </ClInclude>
    <ClInclude Include="fullSynConst.h">
      <Filter>Header Files</Filter>
    </ClInclude>
    <ClInclude Include="OntylogHandler.h">
      <Filter>Header Files</Filter>
    </ClInclude>
    <ClInclude Include="OntyxAssociation.h">
      <Filter>Header Files</Filter>
    </ClInclude>
    <ClInclude Include="OntyxAssociationDef.h">
      <Filter>Header Files</Filter>
    </ClInclude>
    <ClInclude Include="OntyxConcept.h">
      <Filter>Header Files</Filter>
    </ClInclude>
    <ClInclude Include="OntyxKb.h">
      <Filter>Header Files</Filter>
    </ClInclude>
    <ClInclude Include="OntyxKBQA.h">
      <Filter>Header Files</Filter>
    </ClInclude>
    <ClInclude Include="OntyxKind.h">
      <Filter>Header Files</Filter>
    </ClInclude>
    <ClInclude Include="OntyxName.h">
      <Filter>Header Files</Filter>
    </ClInclude>
    <ClInclude Include="OntyxProperty.h">
      <Filter>Header Files</Filter>
    </ClInclude>
    <ClInclude Include="OntyxPropertyDef.h">
      <Filter>Header Files</Filter>
    </ClInclude>
    <ClInclude Include="OntyxQualifier.h">
      <Filter>Header Files</Filter>
    </ClInclude>
    <ClInclude Include="OntyxQualifierDef.h">
      <Filter>Header Files</Filter>
    </ClInclude>
    <ClInclude Include="OntyxRole.h">
      <Filter>Header Files</Filter>
    </ClInclude>
    <ClInclude Include="OntyxRoleDef.h">
      <Filter>Header Files</Filter>
    </ClInclude>
    <ClInclude Include="OntyxRoleEnum.h">
      <Filter>Header Files</Filter>
    </ClInclude>
    <ClInclude Include="OntyxTerminology.h">
      <Filter>Header Files</Filter>
    </ClInclude>
    <ClInclude Include="tString.h">
      <Filter>Header Files</Filter>
    </ClInclude>
    <ClInclude Include="porterExtern.h">
      <Filter>Header Files</Filter>
    </ClInclude>
    <ClInclude Include="OBO2TDE.h">
      <Filter>Header Files</Filter>
    </ClInclude>
    <ClInclude Include="OBO2TDE2.h">
      <Filter>Header Files</Filter>
    </ClInclude>
    <ClInclude Include="ontyxToOWL.h">
      <Filter>Header Files</Filter>
    </ClInclude>
  </ItemGroup>
  <ItemGroup>
    <ClCompile Include="OBOtoOWL.cpp">
      <Filter>Source Files</Filter>
    </ClCompile>
    <ClCompile Include="fullSyn.cpp">
      <Filter>Source Files</Filter>
    </ClCompile>
    <ClCompile Include="OntylogHandler.cpp">
      <Filter>Source Files</Filter>
    </ClCompile>
    <ClCompile Include="OntyxAssociation.cpp">
      <Filter>Source Files</Filter>
    </ClCompile>
    <ClCompile Include="OntyxAssociationDef.cpp">
      <Filter>Source Files</Filter>
    </ClCompile>
    <ClCompile Include="OntyxConcept.cpp">
      <Filter>Source Files</Filter>
    </ClCompile>
    <ClCompile Include="OntyxKb.cpp">
      <Filter>Source Files</Filter>
    </ClCompile>
    <ClCompile Include="OntyxKBQA.cpp">
      <Filter>Source Files</Filter>
    </ClCompile>
    <ClCompile Include="OntyxKind.cpp">
      <Filter>Source Files</Filter>
    </ClCompile>
    <ClCompile Include="OntyxName.cpp">
      <Filter>Source Files</Filter>
    </ClCompile>
    <ClCompile Include="OntyxProperty.cpp">
      <Filter>Source Files</Filter>
    </ClCompile>
    <ClCompile Include="OntyxPropertyDef.cpp">
      <Filter>Source Files</Filter>
    </ClCompile>
    <ClCompile Include="OntyxQualifier.cpp">
      <Filter>Source Files</Filter>
    </ClCompile>
    <ClCompile Include="OntyxQualifierDef.cpp">
      <Filter>Source Files</Filter>
    </ClCompile>
    <ClCompile Include="OntyxRole.cpp">
      <Filter>Source Files</Filter>
    </ClCompile>
    <ClCompile Include="OntyxRoleDef.cpp">
      <Filter>Source Files</Filter>
    </ClCompile>
    <ClCompile Include="OntyxRoleEnum.cpp">
      <Filter>Source Files</Filter>
    </ClCompile>
    <ClCompile Include="OntyxTerminology.cpp">
      <Filter>Source Files</Filter>
    </ClCompile>
    <ClCompile Include="tString.cpp">
      <Filter>Source Files</Filter>
    </ClCompile>
    <ClCompile Include="porterExtern.c">
      <Filter>Source Files</Filter>
    </ClCompile>
    <ClCompile Include="..\..\..\Workspace\KBProcessing\OntyxProcessing\nciOBOtoOWL\nciOBOtoOWL.cpp">
      <Filter>Source Files</Filter>
    </ClCompile>
    <ClCompile Include="OBO2TDE.cpp">
      <Filter>Source Files</Filter>
    </ClCompile>
    <ClCompile Include="OBO2TDE2.cpp">
      <Filter>Source Files</Filter>
    </ClCompile>
    <ClCompile Include="ontyxToOWL.cpp">
      <Filter>Source Files</Filter>
    </ClCompile>
    <ClCompile Include="nciOBOtoOWL.cpp">
      <Filter>Source Files</Filter>
    </ClCompile>
  </ItemGroup>
  <ItemGroup>
    <None Include="tagheader.dat">
      <Filter>Resource Files</Filter>
    </None>
    <None Include="template.dat">
      <Filter>Resource Files</Filter>
    </None>
    <None Include="header.owl">
      <Filter>Resource Files</Filter>
    </None>
    <None Include="headerCode.owl">
      <Filter>Resource Files</Filter>
    </None>
    <None Include="c:\Program Files (x86)\Microsoft Visual Studio 11.0\VC\include\algorithm" />
  </ItemGroup>
</Project>